
Microsoft Visual Studio Solution File, Format Version 12.00
# Visual Studio Version 16
VisualStudioVersion = 16.0.31313.79
MinimumVisualStudioVersion = 10.0.40219.1
Project("{FAE04EC0-301F-11D3-BF4B-00C04F79EFBC}") = "LoginApi", "LoginApi.csproj", "{FCAC1E62-003C-47C5-A5EB-E8A15F1B4BD4}"
EndProject
Global
	GlobalSection(SolutionConfigurationPlatforms) = preSolution
		Debug|Any CPU = Debug|Any CPU
		Release|Any CPU = Release|Any CPU
	EndGlobalSection
	GlobalSection(ProjectConfigurationPlatforms) = postSolution
		{FCAC1E62-003C-47C5-A5EB-E8A15F1B4BD4}.Debug|Any CPU.ActiveCfg = Debug|Any CPU
		{FCAC1E62-003C-47C5-A5EB-E8A15F1B4BD4}.Debug|Any CPU.Build.0 = Debug|Any CPU
		{FCAC1E62-003C-47C5-A5EB-E8A15F1B4BD4}.Release|Any CPU.ActiveCfg = Release|Any CPU
		{FCAC1E62-003C-47C5-A5EB-E8A15F1B4BD4}.Release|Any CPU.Build.0 = Release|Any CPU
	EndGlobalSection
	GlobalSection(SolutionProperties) = preSolution
		HideSolutionNode = FALSE
	EndGlobalSection
	GlobalSection(ExtensibilityGlobals) = postSolution
		SolutionGuid = {2FB0E5D9-673D-452B-A9D6-AE8FB30FE7B5}
	EndGlobalSection
EndGlobal
